# THIS IS AN AUTOGENERATED FILE. DO NOT EDIT THIS FILE DIRECTLY.
# yarn lockfile v1


"@ampproject/remapping@^2.2.1":
  version "2.3.0"
  resolved "https://registry.yarnpkg.com/@ampproject/remapping/-/remapping-2.3.0.tgz#ed441b6fa600072520ce18b43d2c8cc8caecc7f4"
  integrity sha512-30iZtAPgz+LTIYoeivqYo853f02jBYSd5uGnGpkFV0M3xOt9aN73erkgYAmZU43x4VfqcnLxW9Kpg3R5LC4YYw==
  dependencies:
    "@jridgewell/gen-mapping" "^0.3.5"
    "@jridgewell/trace-mapping" "^0.3.24"

"@cspotcode/source-map-support@^0.8.0":
  version "0.8.1"
  resolved "https://registry.yarnpkg.com/@cspotcode/source-map-support/-/source-map-support-0.8.1.tgz#00629c35a688e05a88b1cda684fb9d5e73f000a1"
  integrity sha512-IchNf6dN4tHoMFIn/7OE8LWZ19Y6q/67Bmf6vnGREv8RSbBVb9LPJxEcnwrcwX6ixSvaiGoomAUvu4YSxXrVgw==
  dependencies:
    "@jridgewell/trace-mapping" "0.3.9"

"@jridgewell/gen-mapping@^0.3.5":
  version "0.3.5"
  resolved "https://registry.yarnpkg.com/@jridgewell/gen-mapping/-/gen-mapping-0.3.5.tgz#dcce6aff74bdf6dad1a95802b69b04a2fcb1fb36"
  integrity sha512-IzL8ZoEDIBRWEzlCcRhOaCupYyN5gdIK+Q6fbFdPDg6HqX6jpkItn7DFIpW9LQzXG6Df9sA7+OKnq0qlz/GaQg==
  dependencies:
    "@jridgewell/set-array" "^1.2.1"
    "@jridgewell/sourcemap-codec" "^1.4.10"
    "@jridgewell/trace-mapping" "^0.3.24"

"@jridgewell/resolve-uri@^3.0.3", "@jridgewell/resolve-uri@^3.1.0":
  version "3.1.1"
  resolved "https://registry.yarnpkg.com/@jridgewell/resolve-uri/-/resolve-uri-3.1.1.tgz#c08679063f279615a3326583ba3a90d1d82cc721"
  integrity sha512-dSYZh7HhCDtCKm4QakX0xFpsRDqjjtZf/kjI/v3T3Nwt5r8/qz/M19F9ySyOqU94SXBmeG9ttTul+YnR4LOxFA==

"@jridgewell/set-array@^1.2.1":
  version "1.2.1"
  resolved "https://registry.yarnpkg.com/@jridgewell/set-array/-/set-array-1.2.1.tgz#558fb6472ed16a4c850b889530e6b36438c49280"
  integrity sha512-R8gLRTZeyp03ymzP/6Lil/28tGeGEzhx1q2k703KGWRAI1VdvPIXdG70VJc2pAMw3NA6JKL5hhFu1sJX0Mnn/A==

"@jridgewell/source-map@^0.3.3":
  version "0.3.6"
  resolved "https://registry.yarnpkg.com/@jridgewell/source-map/-/source-map-0.3.6.tgz#9d71ca886e32502eb9362c9a74a46787c36df81a"
  integrity sha512-1ZJTZebgqllO79ue2bm3rIGud/bOe0pP5BjSRCRxxYkEZS8STV7zN84UBbiYu7jy+eCKSnVIUgoWWE/tt+shMQ==
  dependencies:
    "@jridgewell/gen-mapping" "^0.3.5"
    "@jridgewell/trace-mapping" "^0.3.25"

"@jridgewell/sourcemap-codec@^1.4.10", "@jridgewell/sourcemap-codec@^1.4.14", "@jridgewell/sourcemap-codec@^1.4.15":
  version "1.4.15"
  resolved "https://registry.yarnpkg.com/@jridgewell/sourcemap-codec/-/sourcemap-codec-1.4.15.tgz#d7c6e6755c78567a951e04ab52ef0fd26de59f32"
  integrity sha512-eF2rxCRulEKXHTRiDrDy6erMYWqNw4LPdQ8UQA4huuxaQsVeRPFl2oM8oDGxMFhJUWZf9McpLtJasDDZb/Bpeg==

"@jridgewell/sourcemap-codec@^1.5.0":
  version "1.5.0"
  resolved "https://registry.yarnpkg.com/@jridgewell/sourcemap-codec/-/sourcemap-codec-1.5.0.tgz#3188bcb273a414b0d215fd22a58540b989b9409a"
  integrity sha512-gv3ZRaISU3fjPAgNsriBRqGWQL6quFx04YMPW/zD8XMLsU32mhCCbfbO6KZFLjvYpCZ8zyDEgqsgf+PwPaM7GQ==

"@jridgewell/trace-mapping@0.3.9":
  version "0.3.9"
  resolved "https://registry.yarnpkg.com/@jridgewell/trace-mapping/-/trace-mapping-0.3.9.tgz#6534fd5933a53ba7cbf3a17615e273a0d1273ff9"
  integrity sha512-3Belt6tdc8bPgAtbcmdtNJlirVoTmEb5e2gC94PnkwEW9jI6CAHUeoG85tjWP5WquqfavoMtMwiG4P926ZKKuQ==
  dependencies:
    "@jridgewell/resolve-uri" "^3.0.3"
    "@jridgewell/sourcemap-codec" "^1.4.10"

"@jridgewell/trace-mapping@^0.3.18", "@jridgewell/trace-mapping@^0.3.24", "@jridgewell/trace-mapping@^0.3.25":
  version "0.3.25"
  resolved "https://registry.yarnpkg.com/@jridgewell/trace-mapping/-/trace-mapping-0.3.25.tgz#15f190e98895f3fc23276ee14bc76b675c2e50f0"
  integrity sha512-vNk6aEwybGtawWmy/PzwnGDOjCkLWSD2wqvjGGAgOAwCGWySYXfYoxt00IJkTF+8Lb57DwOb3Aa0o9CApepiYQ==
  dependencies:
    "@jridgewell/resolve-uri" "^3.1.0"
    "@jridgewell/sourcemap-codec" "^1.4.14"

"@polka/url@^1.0.0-next.24":
  version "1.0.0-next.28"
  resolved "https://registry.yarnpkg.com/@polka/url/-/url-1.0.0-next.28.tgz#d45e01c4a56f143ee69c54dd6b12eade9e270a73"
  integrity sha512-8LduaNlMZGwdZ6qWrKlfa+2M4gahzFkprZiAt2TF8uS0qQgBizKXpXURqvTJ4WtmupWxaLqjRb2UCTe72mu+Aw==

"@rollup/plugin-commonjs@28.0.0":
  version "28.0.0"
  resolved "https://registry.yarnpkg.com/@rollup/plugin-commonjs/-/plugin-commonjs-28.0.0.tgz#44b5e49cb5d5e6233f1e4996013a8649fdbb9557"
  integrity sha512-BJcu+a+Mpq476DMXG+hevgPSl56bkUoi88dKT8t3RyUp8kGuOh+2bU8Gs7zXDlu+fyZggnJ+iOBGrb/O1SorYg==
  dependencies:
    "@rollup/pluginutils" "^5.0.1"
    commondir "^1.0.1"
    estree-walker "^2.0.2"
    fdir "^6.1.1"
    is-reference "1.2.1"
    magic-string "^0.30.3"
    picomatch "^2.3.1"

"@rollup/plugin-node-resolve@15.3.0":
  version "15.3.0"
  resolved "https://registry.yarnpkg.com/@rollup/plugin-node-resolve/-/plugin-node-resolve-15.3.0.tgz#efbb35515c9672e541c08d59caba2eff492a55d5"
  integrity sha512-9eO5McEICxMzJpDW9OnMYSv4Sta3hmt7VtBFz5zR9273suNOydOyq/FrGeGy+KsTRFm8w0SLVhzig2ILFT63Ag==
  dependencies:
    "@rollup/pluginutils" "^5.0.1"
    "@types/resolve" "1.20.2"
    deepmerge "^4.2.2"
    is-module "^1.0.0"
    resolve "^1.22.1"

"@rollup/plugin-terser@0.4.4":
  version "0.4.4"
  resolved "https://registry.yarnpkg.com/@rollup/plugin-terser/-/plugin-terser-0.4.4.tgz#15dffdb3f73f121aa4fbb37e7ca6be9aeea91962"
  integrity sha512-XHeJC5Bgvs8LfukDwWZp7yeqin6ns8RTl2B9avbejt6tZqsqvVoWI7ZTQrcNsfKEDWBTnTxM8nMDkO2IFFbd0A==
  dependencies:
    serialize-javascript "^6.0.1"
    smob "^1.0.0"
    terser "^5.17.4"

"@rollup/plugin-typescript@12.1.0":
  version "12.1.0"
  resolved "https://registry.yarnpkg.com/@rollup/plugin-typescript/-/plugin-typescript-12.1.0.tgz#2b357972091d1a8f71b8c9ce5a6e95fe1473bf77"
  integrity sha512-Kzs8KGJofe7cfTRODsnG1jNGxSvU8gVoNNd7Z/QaY25AYwe2LSSUpx/kPxqF38NYkpR8de3m51r9uwJpDlz6dg==
  dependencies:
    "@rollup/pluginutils" "^5.1.0"
    resolve "^1.22.1"

"@rollup/pluginutils@5", "@rollup/pluginutils@^5.0.1", "@rollup/pluginutils@^5.1.0":
  version "5.1.2"
  resolved "https://registry.yarnpkg.com/@rollup/pluginutils/-/pluginutils-5.1.2.tgz#d3bc9f0fea4fd4086aaac6aa102f3fa587ce8bd9"
  integrity sha512-/FIdS3PyZ39bjZlwqFnWqCOVnW7o963LtKMwQOD0NhQqw22gSr2YY1afu3FxRip4ZCZNsD5jq6Aaz6QV3D/Njw==
  dependencies:
    "@types/estree" "^1.0.0"
    estree-walker "^2.0.2"
    picomatch "^2.3.1"

"@rollup/pluginutils@^4.1.0":
  version "4.2.1"
  resolved "https://registry.yarnpkg.com/@rollup/pluginutils/-/pluginutils-4.2.1.tgz#e6c6c3aba0744edce3fb2074922d3776c0af2a6d"
  integrity sha512-iKnFXr7NkdZAIHiIWE+BX5ULi/ucVFYWD6TbAV+rZctiRTY2PL6tsIKhoIOaoskiWAkgu+VsbXgUVDNLHf+InQ==
  dependencies:
    estree-walker "^2.0.1"
    picomatch "^2.2.2"

"@rollup/rollup-android-arm-eabi@4.22.4":
  version "4.22.4"
  resolved "https://registry.yarnpkg.com/@rollup/rollup-android-arm-eabi/-/rollup-android-arm-eabi-4.22.4.tgz#8b613b9725e8f9479d142970b106b6ae878610d5"
  integrity sha512-Fxamp4aEZnfPOcGA8KSNEohV8hX7zVHOemC8jVBoBUHu5zpJK/Eu3uJwt6BMgy9fkvzxDaurgj96F/NiLukF2w==

"@rollup/rollup-android-arm64@4.22.4":
  version "4.22.4"
  resolved "https://registry.yarnpkg.com/@rollup/rollup-android-arm64/-/rollup-android-arm64-4.22.4.tgz#654ca1049189132ff602bfcf8df14c18da1f15fb"
  integrity sha512-VXoK5UMrgECLYaMuGuVTOx5kcuap1Jm8g/M83RnCHBKOqvPPmROFJGQaZhGccnsFtfXQ3XYa4/jMCJvZnbJBdA==

"@rollup/rollup-darwin-arm64@4.22.4":
  version "4.22.4"
  resolved "https://registry.yarnpkg.com/@rollup/rollup-darwin-arm64/-/rollup-darwin-arm64-4.22.4.tgz#6d241d099d1518ef0c2205d96b3fa52e0fe1954b"
  integrity sha512-xMM9ORBqu81jyMKCDP+SZDhnX2QEVQzTcC6G18KlTQEzWK8r/oNZtKuZaCcHhnsa6fEeOBionoyl5JsAbE/36Q==

"@rollup/rollup-darwin-x64@4.22.4":
  version "4.22.4"
  resolved "https://registry.yarnpkg.com/@rollup/rollup-darwin-x64/-/rollup-darwin-x64-4.22.4.tgz#42bd19d292a57ee11734c980c4650de26b457791"
  integrity sha512-aJJyYKQwbHuhTUrjWjxEvGnNNBCnmpHDvrb8JFDbeSH3m2XdHcxDd3jthAzvmoI8w/kSjd2y0udT+4okADsZIw==

"@rollup/rollup-linux-arm-gnueabihf@4.22.4":
  version "4.22.4"
  resolved "https://registry.yarnpkg.com/@rollup/rollup-linux-arm-gnueabihf/-/rollup-linux-arm-gnueabihf-4.22.4.tgz#f23555ee3d8fe941c5c5fd458cd22b65eb1c2232"
  integrity sha512-j63YtCIRAzbO+gC2L9dWXRh5BFetsv0j0va0Wi9epXDgU/XUi5dJKo4USTttVyK7fGw2nPWK0PbAvyliz50SCQ==

"@rollup/rollup-linux-arm-musleabihf@4.22.4":
  version "4.22.4"
  resolved "https://registry.yarnpkg.com/@rollup/rollup-linux-arm-musleabihf/-/rollup-linux-arm-musleabihf-4.22.4.tgz#f3bbd1ae2420f5539d40ac1fde2b38da67779baa"
  integrity sha512-dJnWUgwWBX1YBRsuKKMOlXCzh2Wu1mlHzv20TpqEsfdZLb3WoJW2kIEsGwLkroYf24IrPAvOT/ZQ2OYMV6vlrg==

"@rollup/rollup-linux-arm64-gnu@4.22.4":
  version "4.22.4"
  resolved "https://registry.yarnpkg.com/@rollup/rollup-linux-arm64-gnu/-/rollup-linux-arm64-gnu-4.22.4.tgz#7abe900120113e08a1f90afb84c7c28774054d15"
  integrity sha512-AdPRoNi3NKVLolCN/Sp4F4N1d98c4SBnHMKoLuiG6RXgoZ4sllseuGioszumnPGmPM2O7qaAX/IJdeDU8f26Aw==

"@rollup/rollup-linux-arm64-musl@4.22.4":
  version "4.22.4"
  resolved "https://registry.yarnpkg.com/@rollup/rollup-linux-arm64-musl/-/rollup-linux-arm64-musl-4.22.4.tgz#9e655285c8175cd44f57d6a1e8e5dedfbba1d820"
  integrity sha512-Gl0AxBtDg8uoAn5CCqQDMqAx22Wx22pjDOjBdmG0VIWX3qUBHzYmOKh8KXHL4UpogfJ14G4wk16EQogF+v8hmA==

"@rollup/rollup-linux-powerpc64le-gnu@4.22.4":
  version "4.22.4"
  resolved "https://registry.yarnpkg.com/@rollup/rollup-linux-powerpc64le-gnu/-/rollup-linux-powerpc64le-gnu-4.22.4.tgz#9a79ae6c9e9d8fe83d49e2712ecf4302db5bef5e"
  integrity sha512-3aVCK9xfWW1oGQpTsYJJPF6bfpWfhbRnhdlyhak2ZiyFLDaayz0EP5j9V1RVLAAxlmWKTDfS9wyRyY3hvhPoOg==

"@rollup/rollup-linux-riscv64-gnu@4.22.4":
  version "4.22.4"
  resolved "https://registry.yarnpkg.com/@rollup/rollup-linux-riscv64-gnu/-/rollup-linux-riscv64-gnu-4.22.4.tgz#67ac70eca4ace8e2942fabca95164e8874ab8128"
  integrity sha512-ePYIir6VYnhgv2C5Xe9u+ico4t8sZWXschR6fMgoPUK31yQu7hTEJb7bCqivHECwIClJfKgE7zYsh1qTP3WHUA==

"@rollup/rollup-linux-s390x-gnu@4.22.4":
  version "4.22.4"
  resolved "https://registry.yarnpkg.com/@rollup/rollup-linux-s390x-gnu/-/rollup-linux-s390x-gnu-4.22.4.tgz#9f883a7440f51a22ed7f99e1d070bd84ea5005fc"
  integrity sha512-GqFJ9wLlbB9daxhVlrTe61vJtEY99/xB3C8e4ULVsVfflcpmR6c8UZXjtkMA6FhNONhj2eA5Tk9uAVw5orEs4Q==

"@rollup/rollup-linux-x64-gnu@4.22.4":
  version "4.22.4"
  resolved "https://registry.yarnpkg.com/@rollup/rollup-linux-x64-gnu/-/rollup-linux-x64-gnu-4.22.4.tgz#70116ae6c577fe367f58559e2cffb5641a1dd9d0"
  integrity sha512-87v0ol2sH9GE3cLQLNEy0K/R0pz1nvg76o8M5nhMR0+Q+BBGLnb35P0fVz4CQxHYXaAOhE8HhlkaZfsdUOlHwg==

"@rollup/rollup-linux-x64-musl@4.22.4":
  version "4.22.4"
  resolved "https://registry.yarnpkg.com/@rollup/rollup-linux-x64-musl/-/rollup-linux-x64-musl-4.22.4.tgz#f473f88219feb07b0b98b53a7923be716d1d182f"
  integrity sha512-UV6FZMUgePDZrFjrNGIWzDo/vABebuXBhJEqrHxrGiU6HikPy0Z3LfdtciIttEUQfuDdCn8fqh7wiFJjCNwO+g==

"@rollup/rollup-win32-arm64-msvc@4.22.4":
  version "4.22.4"
  resolved "https://registry.yarnpkg.com/@rollup/rollup-win32-arm64-msvc/-/rollup-win32-arm64-msvc-4.22.4.tgz#4349482d17f5d1c58604d1c8900540d676f420e0"
  integrity sha512-BjI+NVVEGAXjGWYHz/vv0pBqfGoUH0IGZ0cICTn7kB9PyjrATSkX+8WkguNjWoj2qSr1im/+tTGRaY+4/PdcQw==

"@rollup/rollup-win32-ia32-msvc@4.22.4":
  version "4.22.4"
  resolved "https://registry.yarnpkg.com/@rollup/rollup-win32-ia32-msvc/-/rollup-win32-ia32-msvc-4.22.4.tgz#a6fc39a15db618040ec3c2a24c1e26cb5f4d7422"
  integrity sha512-SiWG/1TuUdPvYmzmYnmd3IEifzR61Tragkbx9D3+R8mzQqDBz8v+BvZNDlkiTtI9T15KYZhP0ehn3Dld4n9J5g==

"@rollup/rollup-win32-x64-msvc@4.22.4":
  version "4.22.4"
  resolved "https://registry.yarnpkg.com/@rollup/rollup-win32-x64-msvc/-/rollup-win32-x64-msvc-4.22.4.tgz#3dd5d53e900df2a40841882c02e56f866c04d202"
  integrity sha512-j8pPKp53/lq9lMXN57S8cFz0MynJk8OWNuUnXct/9KCpKU7DgU3bYMJhwWmcqC0UU29p8Lr0/7KEVcaM6bf47Q==

"@tsconfig/node10@^1.0.7":
  version "1.0.9"
  resolved "https://registry.yarnpkg.com/@tsconfig/node10/-/node10-1.0.9.tgz#df4907fc07a886922637b15e02d4cebc4c0021b2"
  integrity sha512-jNsYVVxU8v5g43Erja32laIDHXeoNvFEpX33OK4d6hljo3jDhCBDhx5dhCCTMWUojscpAagGiRkBKxpdl9fxqA==

"@tsconfig/node12@^1.0.7":
  version "1.0.11"
  resolved "https://registry.yarnpkg.com/@tsconfig/node12/-/node12-1.0.11.tgz#ee3def1f27d9ed66dac6e46a295cffb0152e058d"
  integrity sha512-cqefuRsh12pWyGsIoBKJA9luFu3mRxCA+ORZvA4ktLSzIuCUtWVxGIuXigEwO5/ywWFMZ2QEGKWvkZG1zDMTag==

"@tsconfig/node14@^1.0.0":
  version "1.0.3"
  resolved "https://registry.yarnpkg.com/@tsconfig/node14/-/node14-1.0.3.tgz#e4386316284f00b98435bf40f72f75a09dabf6c1"
  integrity sha512-ysT8mhdixWK6Hw3i1V2AeRqZ5WfXg1G43mqoYlM2nc6388Fq5jcXyr5mRsqViLx/GJYdoL0bfXD8nmF+Zn/Iow==

"@tsconfig/node16@^1.0.2":
  version "1.0.4"
  resolved "https://registry.yarnpkg.com/@tsconfig/node16/-/node16-1.0.4.tgz#0b92dcc0cc1c81f6f306a381f28e31b1a56536e9"
  integrity sha512-vxhUy4J8lyeyinH7Azl1pdd43GJhZH/tP2weN8TntQblOY+A0XbT8DJk1/oCPuOOyg/Ja757rG0CgHcWC8OfMA==

"@tsconfig/svelte@^5.0.4":
  version "5.0.4"
  resolved "https://registry.yarnpkg.com/@tsconfig/svelte/-/svelte-5.0.4.tgz#8bd0254472bd39a5e750f1b4a05ecb18c9f3bf80"
  integrity sha512-BV9NplVgLmSi4mwKzD8BD/NQ8erOY/nUE/GpgWe2ckx+wIQF5RyRirn/QsSSCPeulVpc3RA/iJt6DpfTIZps0Q==

"@types/estree@*", "@types/estree@1.0.5", "@types/estree@^1.0.0", "@types/estree@^1.0.1":
  version "1.0.5"
  resolved "https://registry.yarnpkg.com/@types/estree/-/estree-1.0.5.tgz#a6ce3e556e00fd9895dd872dd172ad0d4bd687f4"
  integrity sha512-/kYRxGDLWzHOB7q+wtSUQlFrtcdUccpfy+X+9iMBpHK8QLLhx2wIPYuS5DYtR9Wa/YlZAbIovy7qVdB1Aq6Lyw==

"@types/node@22.7.2":
  version "22.7.2"
  resolved "https://registry.yarnpkg.com/@types/node/-/node-22.7.2.tgz#80ed66c0a5025ffa037587fd69a816f29b54e4c7"
  integrity sha512-866lXSrpGpgyHBZUa2m9YNWqHDjjM0aBTJlNtYaGEw4rqY/dcD7deRVTbBBAJelfA7oaGDbNftXF/TL/A6RgoA==
  dependencies:
    undici-types "~6.19.2"

"@types/resolve@1.20.2":
  version "1.20.2"
  resolved "https://registry.yarnpkg.com/@types/resolve/-/resolve-1.20.2.tgz#97d26e00cd4a0423b4af620abecf3e6f442b7975"
  integrity sha512-60BCwRFOZCQhDncwQdxxeOEEkbc5dIMccYLwbxsS4TUNeVECQ/pBJ0j09mrHOl/JJvpRPGwO9SvE4nR2Nb/a4Q==

acorn-walk@^8.1.1:
  version "8.3.1"
  resolved "https://registry.yarnpkg.com/acorn-walk/-/acorn-walk-8.3.1.tgz#2f10f5b69329d90ae18c58bf1fa8fccd8b959a43"
  integrity sha512-TgUZgYvqZprrl7YldZNoa9OciCAyZR+Ejm9eXzKCmjsF5IKp/wgQ7Z/ZpjpGTIUPwrHQIcYeI8qDh4PsEwxMbw==

acorn@^8.10.0, acorn@^8.8.2, acorn@^8.9.0:
  version "8.12.1"
  resolved "https://registry.yarnpkg.com/acorn/-/acorn-8.12.1.tgz#71616bdccbe25e27a54439e0046e89ca76df2248"
  integrity sha512-tcpGyI9zbizT9JbV6oYE477V6mTlXvvi0T0G3SNIYE2apm/G5huBa1+K89VGeovbg+jycCrfhl3ADxErOuO6Jg==

acorn@^8.4.1:
  version "8.11.2"
  resolved "https://registry.yarnpkg.com/acorn/-/acorn-8.11.2.tgz#ca0d78b51895be5390a5903c5b3bdcdaf78ae40b"
  integrity sha512-nc0Axzp/0FILLEVsm4fNwLCwMttvhEI263QtVPQcbpfZZ3ts0hLsZGOpE6czNlid7CJ9MlyH8reXkpsf3YUY4w==

anymatch@~3.1.2:
  version "3.1.3"
  resolved "https://registry.yarnpkg.com/anymatch/-/anymatch-3.1.3.tgz#790c58b19ba1720a84205b57c618d5ad8524973e"
  integrity sha512-KMReFUr0B4t+D+OBkjR3KYqvocp2XaSzO55UcB6mgQMd3KbcE+mWTyvVV7D/zsdEbNnV6acZUutkiHQXvTr1Rw==
  dependencies:
    normalize-path "^3.0.0"
    picomatch "^2.0.4"

arg@^4.1.0:
  version "4.1.3"
  resolved "https://registry.yarnpkg.com/arg/-/arg-4.1.3.tgz#269fc7ad5b8e42cb63c896d5666017261c144089"
  integrity sha512-58S9QDqG0Xx27YwPSt9fJxivjYl432YCwfDMfZ+71RAqUrZef7LrKQZ3LHLOwCS4FLNBplP533Zx895SeOCHvA==

aria-query@^5.3.0:
  version "5.3.0"
  resolved "https://registry.yarnpkg.com/aria-query/-/aria-query-5.3.0.tgz#650c569e41ad90b51b3d7df5e5eed1c7549c103e"
  integrity sha512-b0P0sZPKtyu8HkeRAfCq0IfURZK+SuwMjY1UXGBU27wpAiTwQAIlq56IbIO+ytk/JjS1fMR14ee5WBBfKi5J6A==
  dependencies:
    dequal "^2.0.3"

axobject-query@^4.0.0:
  version "4.0.0"
  resolved "https://registry.yarnpkg.com/axobject-query/-/axobject-query-4.0.0.tgz#04a4c90dce33cc5d606c76d6216e3b250ff70dab"
  integrity sha512-+60uv1hiVFhHZeO+Lz0RYzsVHy5Wr1ayX0mwda9KPDVLNJgZ1T9Ny7VmFbLDzxsH0D87I86vgj3gFrjTJUYznw==
  dependencies:
    dequal "^2.0.3"

binary-extensions@^2.0.0:
  version "2.2.0"
  resolved "https://registry.yarnpkg.com/binary-extensions/-/binary-extensions-2.2.0.tgz#75f502eeaf9ffde42fc98829645be4ea76bd9e2d"
  integrity sha512-jDctJ/IVQbZoJykoeHbhXpOlNBqGNcwXJKJog42E5HDPUwQTSdjCHdihjj0DlnheQ7blbT6dHOafNAiS8ooQKA==

braces@~3.0.2:
  version "3.0.3"
  resolved "https://registry.yarnpkg.com/braces/-/braces-3.0.3.tgz#490332f40919452272d55a8480adc0c441358789"
  integrity sha512-yQbXgO/OSZVD2IsiLlro+7Hf6Q18EJrKSEsdoMzKePKXct3gvD8oLcOQdIzGupr5Fj+EDe8gO/lxc1BzfMpxvA==
  dependencies:
    fill-range "^7.1.1"

buffer-from@^1.0.0:
  version "1.1.2"
  resolved "https://registry.yarnpkg.com/buffer-from/-/buffer-from-1.1.2.tgz#2b146a6fd72e80b4f55d255f35ed59a3a9a41bd5"
  integrity sha512-E+XQCRwSbaaiChtv6k6Dwgc+bx+Bs6vuKJHHl5kox/BaKbhiXzqQOwK4cO22yElGp2OCmjwVhT3HmxgyPGnJfQ==

chokidar@^3.4.1:
  version "3.5.3"
  resolved "https://registry.yarnpkg.com/chokidar/-/chokidar-3.5.3.tgz#1cf37c8707b932bd1af1ae22c0432e2acd1903bd"
  integrity sha512-Dr3sfKRP6oTcjf2JmUmFJfeVMvXBdegxB0iVQ5eb2V10uFJUCAS8OByZdVAyVb8xXNz3GjjTgj9kLWsZTqE6kw==
  dependencies:
    anymatch "~3.1.2"
    braces "~3.0.2"
    glob-parent "~5.1.2"
    is-binary-path "~2.1.0"
    is-glob "~4.0.1"
    normalize-path "~3.0.0"
    readdirp "~3.6.0"
  optionalDependencies:
    fsevents "~2.3.2"

chokidar@^3.5.0:
  version "3.5.2"
  resolved "https://registry.yarnpkg.com/chokidar/-/chokidar-3.5.2.tgz#dba3976fcadb016f66fd365021d91600d01c1e75"
  integrity sha512-ekGhOnNVPgT77r4K/U3GDhu+FQ2S8TnK/s2KbIGXi0SZWuwkZ2QNyfWdZW+TVfn84DpEP7rLeCt2UI6bJ8GwbQ==
  dependencies:
    anymatch "~3.1.2"
    braces "~3.0.2"
    glob-parent "~5.1.2"
    is-binary-path "~2.1.0"
    is-glob "~4.0.1"
    normalize-path "~3.0.0"
    readdirp "~3.6.0"
  optionalDependencies:
    fsevents "~2.3.2"

code-red@^1.0.3:
  version "1.0.4"
  resolved "https://registry.yarnpkg.com/code-red/-/code-red-1.0.4.tgz#59ba5c9d1d320a4ef795bc10a28bd42bfebe3e35"
  integrity sha512-7qJWqItLA8/VPVlKJlFXU+NBlo/qyfs39aJcuMT/2ere32ZqvF5OSxgdM5xOfJJ7O429gg2HM47y8v9P+9wrNw==
  dependencies:
    "@jridgewell/sourcemap-codec" "^1.4.15"
    "@types/estree" "^1.0.1"
    acorn "^8.10.0"
    estree-walker "^3.0.3"
    periscopic "^3.1.0"

commander@^2.20.0:
  version "2.20.3"
  resolved "https://registry.yarnpkg.com/commander/-/commander-2.20.3.tgz#fd485e84c03eb4881c20722ba48035e8531aeb33"
  integrity sha512-GpVkmM8vF2vQUkj2LvZmD35JxeJOLCwJ9cUkugyk2nuhbv3+mJvpLYYt+0+USMxE+oj+ey/lJEnhZw75x/OMcQ==

commondir@^1.0.1:
  version "1.0.1"
  resolved "https://registry.yarnpkg.com/commondir/-/commondir-1.0.1.tgz#ddd800da0c66127393cca5950ea968a3aaf1253b"
  integrity sha512-W9pAhw0ja1Edb5GVdIF1mjZw/ASI0AlShXM83UUGe2DVr5TdAPEA1OA8m/g8zWp9x6On7gqufY+FatDbC3MDQg==

console-clear@^1.1.0:
  version "1.1.1"
  resolved "https://registry.yarnpkg.com/console-clear/-/console-clear-1.1.1.tgz#995e20cbfbf14dd792b672cde387bd128d674bf7"
  integrity sha512-pMD+MVR538ipqkG5JXeOEbKWS5um1H4LUUccUQG68qpeqBYbzYy79Gh55jkd2TtPdRfUaLWdv6LPP//5Zt0aPQ==

create-require@^1.1.0:
  version "1.1.1"
  resolved "https://registry.yarnpkg.com/create-require/-/create-require-1.1.1.tgz#c1d7e8f1e5f6cfc9ff65f9cd352d37348756c333"
  integrity sha512-dcKFX3jn0MpIaXjisoRvexIJVEKzaq7z2rZKxf+MSr9TkdmHmsU4m2lcLojrj/FHl8mk5VxMmYA+ftRkP/3oKQ==

css-tree@^2.3.1:
  version "2.3.1"
  resolved "https://registry.yarnpkg.com/css-tree/-/css-tree-2.3.1.tgz#10264ce1e5442e8572fc82fbe490644ff54b5c20"
  integrity sha512-6Fv1DV/TYw//QF5IzQdqsNDjx/wc8TrMBZsqjL9eW01tWb7R7k/mq+/VXfJCl7SoD5emsJop9cOByJZfs8hYIw==
  dependencies:
    mdn-data "2.0.30"
    source-map-js "^1.0.1"

dedent-js@^1.0.1:
  version "1.0.1"
  resolved "https://registry.yarnpkg.com/dedent-js/-/dedent-js-1.0.1.tgz#bee5fb7c9e727d85dffa24590d10ec1ab1255305"
  integrity sha512-OUepMozQULMLUmhxS95Vudo0jb0UchLimi3+pQ2plj61Fcy8axbP9hbiD4Sz6DPqn6XG3kfmziVfQ1rSys5AJQ==

deepmerge@^4.2.2:
  version "4.3.1"
  resolved "https://registry.yarnpkg.com/deepmerge/-/deepmerge-4.3.1.tgz#44b5f2147cd3b00d4b56137685966f26fd25dd4a"
  integrity sha512-3sUqbMEc77XqpdNO7FRyRog+eW3ph+GYCbj+rK+uYyRMuwsVy0rMiVtPn+QJlKFvWP/1PYpapqYn0Me2knFn+A==

dequal@^2.0.3:
  version "2.0.3"
  resolved "https://registry.yarnpkg.com/dequal/-/dequal-2.0.3.tgz#2644214f1997d39ed0ee0ece72335490a7ac67be"
  integrity sha512-0je+qPKHEMohvfRTCEo3CrPG6cAzAYgmzKyxRiYSSDkS6eGJdyVJm7WaYA5ECaAD9wLB2T4EEeymA5aFVcYXCA==

detect-indent@^6.1.0:
  version "6.1.0"
  resolved "https://registry.yarnpkg.com/detect-indent/-/detect-indent-6.1.0.tgz#592485ebbbf6b3b1ab2be175c8393d04ca0d57e6"
  integrity sha512-reYkTUJAZb9gUuZ2RvVCNhVHdg62RHnJ7WJl8ftMi4diZ6NWlciOzQN88pUhSELEwflJht4oQDv0F0BMlwaYtA==

diff@^4.0.1:
  version "4.0.2"
  resolved "https://registry.yarnpkg.com/diff/-/diff-4.0.2.tgz#60f3aecb89d5fae520c11aa19efc2bb982aade7d"
  integrity sha512-58lmxKSA4BNyLz+HHMUzlOEpg09FV+ev6ZMe3vJihgdxzgcwZ8VoEEPmALCZG9LmqfVoNMMKpttIYTVG6uDY7A==

estree-walker@^2.0.1, estree-walker@^2.0.2:
  version "2.0.2"
  resolved "https://registry.yarnpkg.com/estree-walker/-/estree-walker-2.0.2.tgz#52f010178c2a4c117a7757cfe942adb7d2da4cac"
  integrity sha512-Rfkk/Mp/DL7JVje3u18FxFujQlTNR2q6QfMSMB7AvCBx91NGj/ba3kCfza0f6dVDbw7YlRf/nDrn7pQrCCyQ/w==

estree-walker@^3.0.0, estree-walker@^3.0.3:
  version "3.0.3"
  resolved "https://registry.yarnpkg.com/estree-walker/-/estree-walker-3.0.3.tgz#67c3e549ec402a487b4fc193d1953a524752340d"
  integrity sha512-7RUKfXgSMMkzt6ZuXmqapOurLGPPfgj6l9uRZ7lRGolvk0y2yocc35LdcxKC5PQZdn2DMqioAQ2NoWcrTKmm6g==
  dependencies:
    "@types/estree" "^1.0.0"

fdir@^6.1.1, fdir@^6.2.0:
  version "6.3.0"
  resolved "https://registry.yarnpkg.com/fdir/-/fdir-6.3.0.tgz#fcca5a23ea20e767b15e081ee13b3e6488ee0bb0"
  integrity sha512-QOnuT+BOtivR77wYvCWHfGt9s4Pz1VIMbD463vegT5MLqNXy8rYFT/lPVEqf/bhYeT6qmqrNHhsX+rWwe3rOCQ==

fill-range@^7.1.1:
  version "7.1.1"
  resolved "https://registry.yarnpkg.com/fill-range/-/fill-range-7.1.1.tgz#44265d3cac07e3ea7dc247516380643754a05292"
  integrity sha512-YsGpe3WHLK8ZYi4tWDg2Jy3ebRz2rXowDxnld4bkQB00cc/1Zw9AWnC0i9ztDJitivtQvaI9KaLyKrc+hBW0yg==
  dependencies:
    to-regex-range "^5.0.1"

fsevents@~2.3.2:
  version "2.3.3"
  resolved "https://registry.yarnpkg.com/fsevents/-/fsevents-2.3.3.tgz#cac6407785d03675a2a5e1a5305c697b347d90d6"
  integrity sha512-5xoDfX+fL7faATnagmWPpbFtwh/R77WmMMqqHGS65C3vvB0YHrgF+B1YmZ3441tMj5n63k0212XNoJwzlhffQw==

function-bind@^1.1.2:
  version "1.1.2"
  resolved "https://registry.yarnpkg.com/function-bind/-/function-bind-1.1.2.tgz#2c02d864d97f3ea6c8830c464cbd11ab6eab7a1c"
  integrity sha512-7XHNxH7qX9xG5mIwxkhumTox/MIRNcOgDrxWsMt2pAr23WHp6MrRlN7FBSFpCpr+oVO0F744iUgR82nJMfG2SA==

get-port@^3.2.0:
  version "3.2.0"
  resolved "https://registry.yarnpkg.com/get-port/-/get-port-3.2.0.tgz#dd7ce7de187c06c8bf353796ac71e099f0980ebc"
  integrity sha1-3Xzn3hh8Bsi/NTeWrHHgmfCYDrw=

glob-parent@~5.1.2:
  version "5.1.2"
  resolved "https://registry.yarnpkg.com/glob-parent/-/glob-parent-5.1.2.tgz#869832c58034fe68a4093c17dc15e8340d8401c4"
  integrity sha512-AOIgSQCepiJYwP3ARnGx+5VnTu2HBYdzbGP45eLw1vr3zB3vZLeyed1sC9hnbcOc9/SrMyM5RPQrkGz4aS9Zow==
  dependencies:
    is-glob "^4.0.1"

hasown@^2.0.0:
  version "2.0.0"
  resolved "https://registry.yarnpkg.com/hasown/-/hasown-2.0.0.tgz#f4c513d454a57b7c7e1650778de226b11700546c"
  integrity sha512-vUptKVTpIJhcczKBbgnS+RtcuYMB8+oNzPK2/Hp3hanz8JmpATdmmgLgSaadVREkDm+e2giHwY3ZRkyjSIDDFA==
  dependencies:
    function-bind "^1.1.2"

is-binary-path@~2.1.0:
  version "2.1.0"
  resolved "https://registry.yarnpkg.com/is-binary-path/-/is-binary-path-2.1.0.tgz#ea1f7f3b80f064236e83470f86c09c254fb45b09"
  integrity sha512-ZMERYes6pDydyuGidse7OsHxtbI7WVeUEozgR/g7rd0xUimYNlvZRE/K2MgZTjWy725IfelLeVcEM97mmtRGXw==
  dependencies:
    binary-extensions "^2.0.0"

is-core-module@^2.13.0:
  version "2.13.1"
  resolved "https://registry.yarnpkg.com/is-core-module/-/is-core-module-2.13.1.tgz#ad0d7532c6fea9da1ebdc82742d74525c6273384"
  integrity sha512-hHrIjvZsftOsvKSn2TRYl63zvxsgE0K+0mYMoH6gD4omR5IWB2KynivBQczo3+wF1cCkjzvptnI9Q0sPU66ilw==
  dependencies:
    hasown "^2.0.0"

is-extglob@^2.1.1:
  version "2.1.1"
  resolved "https://registry.yarnpkg.com/is-extglob/-/is-extglob-2.1.1.tgz#a88c02535791f02ed37c76a1b9ea9773c833f8c2"
  integrity sha512-SbKbANkN603Vi4jEZv49LeVJMn4yGwsbzZworEoyEiutsN3nJYdbO36zfhGJ6QEDpOZIFkDtnq5JRxmvl3jsoQ==

is-glob@^4.0.1, is-glob@~4.0.1:
  version "4.0.3"
  resolved "https://registry.yarnpkg.com/is-glob/-/is-glob-4.0.3.tgz#64f61e42cbbb2eec2071a9dac0b28ba1e65d5084"
  integrity sha512-xelSayHH36ZgE7ZWhli7pW34hNbNl8Ojv5KVmkJD4hBdD3th8Tfk9vYasLM+mXWOZhFkgZfxhLSnrwRr4elSSg==
  dependencies:
    is-extglob "^2.1.1"

is-module@^1.0.0:
  version "1.0.0"
  resolved "https://registry.yarnpkg.com/is-module/-/is-module-1.0.0.tgz#3258fb69f78c14d5b815d664336b4cffb6441591"
  integrity sha512-51ypPSPCoTEIN9dy5Oy+h4pShgJmPCygKfyRCISBI+JoWT/2oJvK8QPxmwv7b/p239jXrm9M1mlQbyKJ5A152g==

is-number@^7.0.0:
  version "7.0.0"
  resolved "https://registry.yarnpkg.com/is-number/-/is-number-7.0.0.tgz#7535345b896734d5f80c4d06c50955527a14f12b"
  integrity sha512-41Cifkg6e8TylSpdtTpeLVMqvSBEVzTttHvERD741+pnZ8ANv0004MRL43QKPDlK9cGvNp6NZWZUBlbGXYxxng==

is-reference@1.2.1:
  version "1.2.1"
  resolved "https://registry.yarnpkg.com/is-reference/-/is-reference-1.2.1.tgz#8b2dac0b371f4bc994fdeaba9eb542d03002d0b7"
  integrity sha512-U82MsXXiFIrjCK4otLT+o2NA2Cd2g5MLoOVXUZjIOhLurrRxpEXzI8O0KZHr3IjLvlAH1kTPYSuqer5T9ZVBKQ==
  dependencies:
    "@types/estree" "*"

is-reference@^3.0.0, is-reference@^3.0.1:
  version "3.0.2"
  resolved "https://registry.yarnpkg.com/is-reference/-/is-reference-3.0.2.tgz#154747a01f45cd962404ee89d43837af2cba247c"
  integrity sha512-v3rht/LgVcsdZa3O2Nqs+NMowLOxeOm7Ay9+/ARQ2F+qEoANRcqrjAZKGN0v8ymUetZGgkp26LTnGT7H0Qo9Pg==
  dependencies:
    "@types/estree" "*"

kleur@^4.1.4:
  version "4.1.5"
  resolved "https://registry.yarnpkg.com/kleur/-/kleur-4.1.5.tgz#95106101795f7050c6c650f350c683febddb1780"
  integrity sha512-o+NO+8WrRiQEE4/7nwRJhN1HWpVmJm511pBHUxPLtp0BUISzlBplORYSmTclCnJvQq2tKu/sgl3xVpkc7ZWuQQ==

livereload-js@^3.3.1:
  version "3.3.2"
  resolved "https://registry.yarnpkg.com/livereload-js/-/livereload-js-3.3.2.tgz#c88b009c6e466b15b91faa26fd7c99d620e12651"
  integrity sha512-w677WnINxFkuixAoUEXOStewzLYGI76XVag+0JWMMEyjJQKs0ibWZMxkTlB96Lm3EjZ7IeOxVziBEbtxVQqQZA==

livereload@^0.9.1:
  version "0.9.3"
  resolved "https://registry.yarnpkg.com/livereload/-/livereload-0.9.3.tgz#a714816375ed52471408bede8b49b2ee6a0c55b1"
  integrity sha512-q7Z71n3i4X0R9xthAryBdNGVGAO2R5X+/xXpmKeuPMrteg+W2U8VusTKV3YiJbXZwKsOlFlHe+go6uSNjfxrZw==
  dependencies:
    chokidar "^3.5.0"
    livereload-js "^3.3.1"
    opts ">= 1.2.0"
    ws "^7.4.3"

local-access@^1.0.1:
  version "1.1.0"
  resolved "https://registry.yarnpkg.com/local-access/-/local-access-1.1.0.tgz#e007c76ba2ca83d5877ba1a125fc8dfe23ba4798"
  integrity sha512-XfegD5pyTAfb+GY6chk283Ox5z8WexG56OvM06RWLpAc/UHozO8X6xAxEkIitZOtsSMM1Yr3DkHgW5W+onLhCw==

locate-character@^3.0.0:
  version "3.0.0"
  resolved "https://registry.yarnpkg.com/locate-character/-/locate-character-3.0.0.tgz#0305c5b8744f61028ef5d01f444009e00779f974"
  integrity sha512-SW13ws7BjaeJ6p7Q6CO2nchbYEc3X3J6WrmTTDto7yMPqVSZTUyY5Tjbid+Ab8gLnATtygYtiDIJGQRRn2ZOiA==

lower-case@^2.0.2:
  version "2.0.2"
  resolved "https://registry.yarnpkg.com/lower-case/-/lower-case-2.0.2.tgz#6fa237c63dbdc4a82ca0fd882e4722dc5e634e28"
  integrity sha512-7fm3l3NAF9WfN6W3JOmf5drwpVqX78JtoGJ3A6W0a6ZnldM41w2fV5D490psKFTpMds8TJse/eHLFFsNHHjHgg==
  dependencies:
    tslib "^2.0.3"

magic-string@^0.30.3:
  version "0.30.11"
  resolved "https://registry.yarnpkg.com/magic-string/-/magic-string-0.30.11.tgz#301a6f93b3e8c2cb13ac1a7a673492c0dfd12954"
  integrity sha512-+Wri9p0QHMy+545hKww7YAu5NyzF8iomPL/RQazugQ9+Ez4Ic3mERMd8ZTX5rfK944j+560ZJi8iAwgak1Ac7A==
  dependencies:
    "@jridgewell/sourcemap-codec" "^1.5.0"

magic-string@^0.30.4:
  version "0.30.10"
  resolved "https://registry.yarnpkg.com/magic-string/-/magic-string-0.30.10.tgz#123d9c41a0cb5640c892b041d4cfb3bd0aa4b39e"
  integrity sha512-iIRwTIf0QKV3UAnYK4PU8uiEc4SRh5jX0mwpIwETPpHdhVM4f53RSwS/vXvN1JhGX+Cs7B8qIq3d6AH49O5fAQ==
  dependencies:
    "@jridgewell/sourcemap-codec" "^1.4.15"

make-error@^1.1.1:
  version "1.3.6"
  resolved "https://registry.yarnpkg.com/make-error/-/make-error-1.3.6.tgz#2eb2e37ea9b67c4891f684a1394799af484cf7a2"
  integrity sha512-s8UhlNe7vPKomQhC1qFelMokr/Sc3AgNbso3n74mVPA5LTZwkB9NlXf4XPamLxJE8h0gh73rM94xvwRT2CVInw==

mdn-data@2.0.30:
  version "2.0.30"
  resolved "https://registry.yarnpkg.com/mdn-data/-/mdn-data-2.0.30.tgz#ce4df6f80af6cfbe218ecd5c552ba13c4dfa08cc"
  integrity sha512-GaqWWShW4kv/G9IEucWScBx9G1/vsFZZJUO+tD26M8J8z3Kw5RDQjaoZe03YAClgeS/SWPOcb4nkFBTEi5DUEA==

min-indent@^1.0.0:
  version "1.0.1"
  resolved "https://registry.yarnpkg.com/min-indent/-/min-indent-1.0.1.tgz#a63f681673b30571fbe8bc25686ae746eefa9869"
  integrity sha512-I9jwMn07Sy/IwOj3zVkVik2JTvgpaykDZEigL6Rx6N9LbMywwUSMtxET+7lVoDLLd3O3IXwJwvuuns8UB/HeAg==

mri@^1.1.0:
  version "1.2.0"
  resolved "https://registry.yarnpkg.com/mri/-/mri-1.2.0.tgz#6721480fec2a11a4889861115a48b6cbe7cc8f0b"
  integrity sha512-tzzskb3bG8LvYGFF/mDTpq3jpI6Q9wc3LEmBaghu+DdCssd1FakN7Bc0hVNmEyGq1bq3RgfkCb3cmQLpNPOroA==

mrmime@^2.0.0:
  version "2.0.0"
  resolved "https://registry.yarnpkg.com/mrmime/-/mrmime-2.0.0.tgz#151082a6e06e59a9a39b46b3e14d5cfe92b3abb4"
  integrity sha512-eu38+hdgojoyq63s+yTpN4XMBdt5l8HhMhc4VKLO9KM5caLIBvUm4thi7fFaxyTmCKeNnXZ5pAlBwCUnhA09uw==

no-case@^3.0.4:
  version "3.0.4"
  resolved "https://registry.yarnpkg.com/no-case/-/no-case-3.0.4.tgz#d361fd5c9800f558551a8369fc0dcd4662b6124d"
  integrity sha512-fgAN3jGAh+RoxUGZHTSOLJIqUc2wmoBwGR4tbpNAKmmovFoWq0OdRkb0VkldReO2a2iBT/OEulG9XSUc10r3zg==
  dependencies:
    lower-case "^2.0.2"
    tslib "^2.0.3"

normalize-path@^3.0.0, normalize-path@~3.0.0:
  version "3.0.0"
  resolved "https://registry.yarnpkg.com/normalize-path/-/normalize-path-3.0.0.tgz#0dcd69ff23a1c9b11fd0978316644a0388216a65"
  integrity sha512-6eZs5Ls3WtCisHWp9S2GUy8dqkpGi4BVSz3GaqiE6ezub0512ESztXUwUB6C6IKbQkY2Pnb/mD4WYojCRwcwLA==

"opts@>= 1.2.0":
  version "2.0.2"
  resolved "https://registry.yarnpkg.com/opts/-/opts-2.0.2.tgz#a17e189fbbfee171da559edd8a42423bc5993ce1"
  integrity sha512-k41FwbcLnlgnFh69f4qdUfvDQ+5vaSDnVPFI/y5XuhKRq97EnVVneO9F1ESVCdiVu4fCS2L8usX3mU331hB7pg==

pascal-case@^3.1.1:
  version "3.1.2"
  resolved "https://registry.yarnpkg.com/pascal-case/-/pascal-case-3.1.2.tgz#b48e0ef2b98e205e7c1dae747d0b1508237660eb"
  integrity sha512-uWlGT3YSnK9x3BQJaOdcZwrnV6hPpd8jFH1/ucpiLRPh/2zCVJKS19E4GvYHvaCcACn3foXZ0cLB9Wrx1KGe5g==
  dependencies:
    no-case "^3.0.4"
    tslib "^2.0.3"

path-parse@^1.0.7:
  version "1.0.7"
  resolved "https://registry.yarnpkg.com/path-parse/-/path-parse-1.0.7.tgz#fbc114b60ca42b30d9daf5858e4bd68bbedb6735"
  integrity sha512-LDJzPVEEEPR+y48z93A0Ed0yXb8pAByGWo/k5YYdYgpY2/2EsOsksJrq7lOHxryrVOn1ejG6oAp8ahvOIQD8sw==

periscopic@^3.1.0:
  version "3.1.0"
  resolved "https://registry.yarnpkg.com/periscopic/-/periscopic-3.1.0.tgz#7e9037bf51c5855bd33b48928828db4afa79d97a"
  integrity sha512-vKiQ8RRtkl9P+r/+oefh25C3fhybptkHKCZSPlcXiJux2tJF55GnEj3BVn4A5gKfq9NWWXXrxkHBwVPUfH0opw==
  dependencies:
    "@types/estree" "^1.0.0"
    estree-walker "^3.0.0"
    is-reference "^3.0.0"

picocolors@^1.0.0:
  version "1.0.0"
  resolved "https://registry.yarnpkg.com/picocolors/-/picocolors-1.0.0.tgz#cb5bdc74ff3f51892236eaf79d68bc44564ab81c"
  integrity sha512-1fygroTLlHu66zi26VoTDv8yRgm0Fccecssto+MhsZ0D/DGW2sm8E8AjW7NU5VVTRt5GxbeZ5qBuJr+HyLYkjQ==

picomatch@^2.0.4, picomatch@^2.2.1, picomatch@^2.2.2, picomatch@^2.3.1:
  version "2.3.1"
  resolved "https://registry.yarnpkg.com/picomatch/-/picomatch-2.3.1.tgz#3ba3833733646d9d3e4995946c1365a67fb07a42"
  integrity sha512-JU3teHTNjmE2VCGFzuY8EXzCDVwEqB2a8fsIvwaStHhAWJEeVd1o1QD80CU6+ZdEXXSLbSsuLwJjkCBWqRQUVA==

randombytes@^2.1.0:
  version "2.1.0"
  resolved "https://registry.yarnpkg.com/randombytes/-/randombytes-2.1.0.tgz#df6f84372f0270dc65cdf6291349ab7a473d4f2a"
  integrity sha512-vYl3iOX+4CKUWuxGi9Ukhie6fsqXqS9FE2Zaic4tNFD2N2QQaXOMFbuKK4QmDHC0JO6B1Zp41J0LpT0oR68amQ==
  dependencies:
    safe-buffer "^5.1.0"

readdirp@~3.6.0:
  version "3.6.0"
  resolved "https://registry.yarnpkg.com/readdirp/-/readdirp-3.6.0.tgz#74a370bd857116e245b29cc97340cd431a02a6c7"
  integrity sha512-hOS089on8RduqdbhvQ5Z37A0ESjsqz6qnRcffsMU3495FuTdqSm+7bhJ29JvIOsBDEEnan5DPu9t3To9VRlMzA==
  dependencies:
    picomatch "^2.2.1"

resolve.exports@^2.0.0:
  version "2.0.2"
  resolved "https://registry.yarnpkg.com/resolve.exports/-/resolve.exports-2.0.2.tgz#f8c934b8e6a13f539e38b7098e2e36134f01e800"
  integrity sha512-X2UW6Nw3n/aMgDVy+0rSqgHlv39WZAlZrXCdnbyEiKm17DSqHX4MmQMaST3FbeWR5FTuRcUwYAziZajji0Y7mg==

resolve@^1.22.1:
  version "1.22.8"
  resolved "https://registry.yarnpkg.com/resolve/-/resolve-1.22.8.tgz#b6c87a9f2aa06dfab52e3d70ac8cde321fa5a48d"
  integrity sha512-oKWePCxqpd6FlLvGV1VU0x7bkPmmCNolxzjMf4NczoDnQcIWrAF+cPtZn5i6n+RfD2d9i0tzpKnG6Yk168yIyw==
  dependencies:
    is-core-module "^2.13.0"
    path-parse "^1.0.7"
    supports-preserve-symlinks-flag "^1.0.0"

rollup-plugin-css-only@4.5.2:
  version "4.5.2"
  resolved "https://registry.yarnpkg.com/rollup-plugin-css-only/-/rollup-plugin-css-only-4.5.2.tgz#f3a74bf889b538f3cc73c40b391cbc6b4bbb0ee4"
  integrity sha512-7rj9+jB17Pz8LNcPgtMUb16JcgD8lxQMK9HcGfAVhMK3na/WXes3oGIo5QsrQQVqtgAU6q6KnQNXJrYunaUIQQ==
  dependencies:
    "@rollup/pluginutils" "5"

rollup-plugin-livereload@^2.0.0:
  version "2.0.5"
  resolved "https://registry.yarnpkg.com/rollup-plugin-livereload/-/rollup-plugin-livereload-2.0.5.tgz#4747fa292a2cceb0c972c573d71b3d66b4252b37"
  integrity sha512-vqQZ/UQowTW7VoiKEM5ouNW90wE5/GZLfdWuR0ELxyKOJUIaj+uismPZZaICU4DnWPVjnpCDDxEqwU7pcKY/PA==
  dependencies:
    livereload "^0.9.1"

rollup-plugin-svelte@^7.1.5:
  version "7.2.2"
  resolved "https://registry.yarnpkg.com/rollup-plugin-svelte/-/rollup-plugin-svelte-7.2.2.tgz#2dc4dc9564ba7a92fb1ecb5a38db4a5ff5ac8408"
  integrity sha512-hgnIblTRewaBEVQD6N0Q43o+y6q1TmDRhBjaEzQCi50bs8TXqjc+d1zFZyE8tsfgcfNHZQzclh4RxlFUB85H8Q==
  dependencies:
    "@rollup/pluginutils" "^4.1.0"
    resolve.exports "^2.0.0"

rollup@4.22.4:
  version "4.22.4"
  resolved "https://registry.yarnpkg.com/rollup/-/rollup-4.22.4.tgz#4135a6446671cd2a2453e1ad42a45d5973ec3a0f"
  integrity sha512-vD8HJ5raRcWOyymsR6Z3o6+RzfEPCnVLMFJ6vRslO1jt4LO6dUo5Qnpg7y4RkZFM2DMe3WUirkI5c16onjrc6A==
  dependencies:
    "@types/estree" "1.0.5"
  optionalDependencies:
    "@rollup/rollup-android-arm-eabi" "4.22.4"
    "@rollup/rollup-android-arm64" "4.22.4"
    "@rollup/rollup-darwin-arm64" "4.22.4"
    "@rollup/rollup-darwin-x64" "4.22.4"
    "@rollup/rollup-linux-arm-gnueabihf" "4.22.4"
    "@rollup/rollup-linux-arm-musleabihf" "4.22.4"
    "@rollup/rollup-linux-arm64-gnu" "4.22.4"
    "@rollup/rollup-linux-arm64-musl" "4.22.4"
    "@rollup/rollup-linux-powerpc64le-gnu" "4.22.4"
    "@rollup/rollup-linux-riscv64-gnu" "4.22.4"
    "@rollup/rollup-linux-s390x-gnu" "4.22.4"
    "@rollup/rollup-linux-x64-gnu" "4.22.4"
    "@rollup/rollup-linux-x64-musl" "4.22.4"
    "@rollup/rollup-win32-arm64-msvc" "4.22.4"
    "@rollup/rollup-win32-ia32-msvc" "4.22.4"
    "@rollup/rollup-win32-x64-msvc" "4.22.4"
    fsevents "~2.3.2"

sade@^1.6.0:
  version "1.7.4"
  resolved "https://registry.yarnpkg.com/sade/-/sade-1.7.4.tgz#ea681e0c65d248d2095c90578c03ca0bb1b54691"
  integrity sha512-y5yauMD93rX840MwUJr7C1ysLFBgMspsdTo4UVrDg3fXDvtwOyIqykhVAAm6fk/3au77773itJStObgK+LKaiA==
  dependencies:
    mri "^1.1.0"

sade@^1.7.4:
  version "1.8.1"
  resolved "https://registry.yarnpkg.com/sade/-/sade-1.8.1.tgz#0a78e81d658d394887be57d2a409bf703a3b2701"
  integrity sha512-xal3CZX1Xlo/k4ApwCFrHVACi9fBqJ7V+mwhBsuf/1IOKbBy098Fex+Wa/5QMubw09pSZ/u8EY8PWgevJsXp1A==
  dependencies:
    mri "^1.1.0"

safe-buffer@^5.1.0:
  version "5.2.1"
  resolved "https://registry.yarnpkg.com/safe-buffer/-/safe-buffer-5.2.1.tgz#1eaf9fa9bdb1fdd4ec75f58f9cdb4e6b7827eec6"
  integrity sha512-rp3So07KcdmmKbGvgaNxQSJr7bGVSVk5S9Eq1F+ppbRo70+YeaDxkw5Dd8NPN+GD6bjnYm2VuPuCXmpuYvmCXQ==

semiver@^1.0.0:
  version "1.1.0"
  resolved "https://registry.yarnpkg.com/semiver/-/semiver-1.1.0.tgz#9c97fb02c21c7ce4fcf1b73e2c7a24324bdddd5f"
  integrity sha512-QNI2ChmuioGC1/xjyYwyZYADILWyW6AmS1UH6gDj/SFUUUS4MBAWs/7mxnkRPc/F4iHezDP+O8t0dO8WHiEOdg==

serialize-javascript@^6.0.1:
  version "6.0.2"
  resolved "https://registry.yarnpkg.com/serialize-javascript/-/serialize-javascript-6.0.2.tgz#defa1e055c83bf6d59ea805d8da862254eb6a6c2"
  integrity sha512-Saa1xPByTTq2gdeFZYLLo+RFE35NHZkAbqZeWNd3BpzppeVisAqpDjcp8dyf6uIvEqJRd46jemmyA4iFIeVk8g==
  dependencies:
    randombytes "^2.1.0"

sirv-cli@^2.0.2:
  version "2.0.2"
  resolved "https://registry.yarnpkg.com/sirv-cli/-/sirv-cli-2.0.2.tgz#4b25ff8dc577be41588357c1f87fbf264a1bba55"
  integrity sha512-OtSJDwxsF1NWHc7ps3Sa0s+dPtP15iQNJzfKVz+MxkEo3z72mCD+yu30ct79rPr0CaV1HXSOBp+MIY5uIhHZ1A==
  dependencies:
    console-clear "^1.1.0"
    get-port "^3.2.0"
    kleur "^4.1.4"
    local-access "^1.0.1"
    sade "^1.6.0"
    semiver "^1.0.0"
    sirv "^2.0.0"
    tinydate "^1.0.0"

sirv@^2.0.0:
  version "2.0.4"
  resolved "https://registry.yarnpkg.com/sirv/-/sirv-2.0.4.tgz#5dd9a725c578e34e449f332703eb2a74e46a29b0"
  integrity sha512-94Bdh3cC2PKrbgSOUqTiGPWVZeSiXfKOVZNJniWoqrWrRkB1CJzBU3NEbiTsPcYy1lDsANA/THzS+9WBiy5nfQ==
  dependencies:
    "@polka/url" "^1.0.0-next.24"
    mrmime "^2.0.0"
    totalist "^3.0.0"

smob@^1.0.0:
  version "1.5.0"
  resolved "https://registry.yarnpkg.com/smob/-/smob-1.5.0.tgz#85d79a1403abf128d24d3ebc1cdc5e1a9548d3ab"
  integrity sha512-g6T+p7QO8npa+/hNx9ohv1E5pVCmWrVCUzUXJyLdMmftX6ER0oiWY/w9knEonLpnOp6b6FenKnMfR8gqwWdwig==

source-map-js@^1.0.1:
  version "1.2.0"
  resolved "https://registry.yarnpkg.com/source-map-js/-/source-map-js-1.2.0.tgz#16b809c162517b5b8c3e7dcd315a2a5c2612b2af"
  integrity sha512-itJW8lvSA0TXEphiRoawsCksnlf8SyvmFzIhltqAHluXd88pkCd+cXJVHTDwdCr0IzwptSm035IHQktUu1QUMg==

source-map-support@~0.5.20:
  version "0.5.20"
  resolved "https://registry.yarnpkg.com/source-map-support/-/source-map-support-0.5.20.tgz#12166089f8f5e5e8c56926b377633392dd2cb6c9"
  integrity sha512-n1lZZ8Ve4ksRqizaBQgxXDgKwttHDhyfQjA6YZZn8+AroHbsIz+JjwxQDxbp+7y5OYCI8t1Yk7etjD9CRd2hIw==
  dependencies:
    buffer-from "^1.0.0"
    source-map "^0.6.0"

source-map@^0.6.0:
  version "0.6.1"
  resolved "https://registry.yarnpkg.com/source-map/-/source-map-0.6.1.tgz#74722af32e9614e9c287a8d0bbde48b5e2f1a263"
  integrity sha512-UjgapumWlbMhkBgzT7Ykc5YXUT46F0iKu8SGXq0bcwP5dz/h0Plj6enJqjz1Zbq2l5WaqYnrVbwWOWMyF3F47g==

strip-indent@^3.0.0:
  version "3.0.0"
  resolved "https://registry.yarnpkg.com/strip-indent/-/strip-indent-3.0.0.tgz#c32e1cee940b6b3432c771bc2c54bcce73cd3001"
  integrity sha512-laJTa3Jb+VQpaC6DseHhF7dXVqHTfJPCRDaEbid/drOhgitgYku/letMUqOXFoWV0zIIUbjpdH2t+tYj4bQMRQ==
  dependencies:
    min-indent "^1.0.0"

supports-preserve-symlinks-flag@^1.0.0:
  version "1.0.0"
  resolved "https://registry.yarnpkg.com/supports-preserve-symlinks-flag/-/supports-preserve-symlinks-flag-1.0.0.tgz#6eda4bd344a3c94aea376d4cc31bc77311039e09"
  integrity sha512-ot0WnXS9fgdkgIcePe6RHNk1WA8+muPa6cSjeR3V8K27q9BB1rTE3R1p7Hv0z1ZyAc8s6Vvv8DIyWf681MAt0w==

svelte-check@4.0.2:
  version "4.0.2"
  resolved "https://registry.yarnpkg.com/svelte-check/-/svelte-check-4.0.2.tgz#782977b23afb9d1c2b0c7ea271003de9dd17ed3a"
  integrity sha512-w2yqcG9ELJe2RJCnAvB7v0OgkHhL3czzz/tVoxGFfO6y4mOrF6QHCDhXijeXzsU7LVKEwWS3Qd9tza4JBuDxqA==
  dependencies:
    "@jridgewell/trace-mapping" "^0.3.25"
    chokidar "^3.4.1"
    fdir "^6.2.0"
    picocolors "^1.0.0"
    sade "^1.7.4"

svelte-navigator@^3.1.5:
  version "3.2.2"
  resolved "https://registry.yarnpkg.com/svelte-navigator/-/svelte-navigator-3.2.2.tgz#4156c2388226e7c42b766ca4def63444ec58a8d2"
  integrity sha512-Xio4ohLUG1nQJ+ENNbLphXXu9L189fnI1WGg+2Q3CIMPe8Jm2ipytKQthdBs8t0mN7p3Eb03SE9hq0xZAqwQNQ==
  dependencies:
    svelte2tsx "^0.1.151"

svelte-preprocess@^6.0.1:
  version "6.0.1"
  resolved "https://registry.yarnpkg.com/svelte-preprocess/-/svelte-preprocess-6.0.1.tgz#d105bac011899d6938f7a2a1bb2a5b6b18ed1e80"
  integrity sha512-vNgXoyqWwahdpEX9XbQHcAHt41TkXnf8bRDxT5PjISHbZD1dVH4b2OsJ2fVQTBb3qP05x0GuYE9iS5vhD+Dniw==
  dependencies:
    detect-indent "^6.1.0"
    strip-indent "^3.0.0"

svelte2tsx@^0.1.151:
  version "0.1.193"
  resolved "https://registry.yarnpkg.com/svelte2tsx/-/svelte2tsx-0.1.193.tgz#16fe594898ef455e4f715ac317d219c9c757656b"
  integrity sha512-vzy4YQNYDnoqp2iZPnJy7kpPAY6y121L0HKrSBjU/IWW7DQ6T7RMJed2VVHFmVYm0zAGYMDl9urPc6R4DDUyhg==
  dependencies:
    dedent-js "^1.0.1"
    pascal-case "^3.1.1"

svelte@^4.2.18:
  version "4.2.18"
  resolved "https://registry.yarnpkg.com/svelte/-/svelte-4.2.18.tgz#33dbce74e83eb6dcc54dbea25f9758b1d8e8bb78"
  integrity sha512-d0FdzYIiAePqRJEb90WlJDkjUEx42xhivxN8muUBmfZnP+tzUgz12DJ2hRJi8sIHCME7jeK1PTMgKPSfTd8JrA==
  dependencies:
    "@ampproject/remapping" "^2.2.1"
    "@jridgewell/sourcemap-codec" "^1.4.15"
    "@jridgewell/trace-mapping" "^0.3.18"
    "@types/estree" "^1.0.1"
    acorn "^8.9.0"
    aria-query "^5.3.0"
    axobject-query "^4.0.0"
    code-red "^1.0.3"
    css-tree "^2.3.1"
    estree-walker "^3.0.3"
    is-reference "^3.0.1"
    locate-character "^3.0.0"
    magic-string "^0.30.4"
    periscopic "^3.1.0"

terser@^5.17.4:
  version "5.33.0"
  resolved "https://registry.yarnpkg.com/terser/-/terser-5.33.0.tgz#8f9149538c7468ffcb1246cfec603c16720d2db1"
  integrity sha512-JuPVaB7s1gdFKPKTelwUyRq5Sid2A3Gko2S0PncwdBq7kN9Ti9HPWDQ06MPsEDGsZeVESjKEnyGy68quBk1w6g==
  dependencies:
    "@jridgewell/source-map" "^0.3.3"
    acorn "^8.8.2"
    commander "^2.20.0"
    source-map-support "~0.5.20"

tinydate@^1.0.0:
  version "1.3.0"
  resolved "https://registry.yarnpkg.com/tinydate/-/tinydate-1.3.0.tgz#e6ca8e5a22b51bb4ea1c3a2a4fd1352dbd4c57fb"
  integrity sha512-7cR8rLy2QhYHpsBDBVYnnWXm8uRTr38RoZakFSW7Bs7PzfMPNZthuMLkwqZv7MTu8lhQ91cOFYS5a7iFj2oR3w==

to-regex-range@^5.0.1:
  version "5.0.1"
  resolved "https://registry.yarnpkg.com/to-regex-range/-/to-regex-range-5.0.1.tgz#1648c44aae7c8d988a326018ed72f5b4dd0392e4"
  integrity sha512-65P7iz6X5yEr1cwcgvQxbbIw7Uk3gOy5dIdtZ4rDveLqhrdJP+Li/Hx6tyK0NEb+2GCyneCMJiGqrADCSNk8sQ==
  dependencies:
    is-number "^7.0.0"

totalist@^3.0.0:
  version "3.0.1"
  resolved "https://registry.yarnpkg.com/totalist/-/totalist-3.0.1.tgz#ba3a3d600c915b1a97872348f79c127475f6acf8"
  integrity sha512-sf4i37nQ2LBx4m3wB74y+ubopq6W/dIzXg0FDGjsYnZHVa1Da8FH853wlL2gtUhg+xJXjfk3kUZS3BRoQeoQBQ==

ts-node@^10.2.1:
  version "10.9.2"
  resolved "https://registry.yarnpkg.com/ts-node/-/ts-node-10.9.2.tgz#70f021c9e185bccdca820e26dc413805c101c71f"
  integrity sha512-f0FFpIdcHgn8zcPSbf1dRevwt047YMnaiJM3u2w2RewrB+fob/zePZcrOyQoLMMO7aBIddLcQIEK5dYjkLnGrQ==
  dependencies:
    "@cspotcode/source-map-support" "^0.8.0"
    "@tsconfig/node10" "^1.0.7"
    "@tsconfig/node12" "^1.0.7"
    "@tsconfig/node14" "^1.0.0"
    "@tsconfig/node16" "^1.0.2"
    acorn "^8.4.1"
    acorn-walk "^8.1.1"
    arg "^4.1.0"
    create-require "^1.1.0"
    diff "^4.0.1"
    make-error "^1.1.1"
    v8-compile-cache-lib "^3.0.1"
    yn "3.1.1"

tslib@^2.0.3:
  version "2.6.2"
  resolved "https://registry.yarnpkg.com/tslib/-/tslib-2.6.2.tgz#703ac29425e7b37cd6fd456e92404d46d1f3e4ae"
  integrity sha512-AEYxH93jGFPn/a2iVAwW87VuUIkR1FVUKB77NwMF7nBTDkDrrT/Hpt/IrCJ0QXhW27jTBDcf5ZY7w6RiqTMw2Q==

tslib@^2.6.3:
  version "2.6.3"
  resolved "https://registry.yarnpkg.com/tslib/-/tslib-2.6.3.tgz#0438f810ad7a9edcde7a241c3d80db693c8cbfe0"
  integrity sha512-xNvxJEOUiWPGhUuUdQgAJPKOOJfGnIyKySOc09XkKsgdUV/3E2zvwZYdejjmRgPCgcym1juLH3226yA7sEFJKQ==

typescript@^5.5.3:
  version "5.5.3"
  resolved "https://registry.yarnpkg.com/typescript/-/typescript-5.5.3.tgz#e1b0a3c394190838a0b168e771b0ad56a0af0faa"
  integrity sha512-/hreyEujaB0w76zKo6717l3L0o/qEUtRgdvUBvlkhoWeOVMjMuHNHk0BRBzikzuGDqNmPQbg5ifMEqsHLiIUcQ==

undici-types@~6.19.2:
  version "6.19.8"
  resolved "https://registry.yarnpkg.com/undici-types/-/undici-types-6.19.8.tgz#35111c9d1437ab83a7cdc0abae2f26d88eda0a02"
  integrity sha512-ve2KP6f/JnbPBFyobGHuerC9g1FYGn/F8n1LWTwNxCEzd6IfqTwUQcNXgEtmmQ6DlRrC1hrSrBnCZPokRrDHjw==

v8-compile-cache-lib@^3.0.1:
  version "3.0.1"
  resolved "https://registry.yarnpkg.com/v8-compile-cache-lib/-/v8-compile-cache-lib-3.0.1.tgz#6336e8d71965cb3d35a1bbb7868445a7c05264bf"
  integrity sha512-wa7YjyUGfNZngI/vtK0UHAN+lgDCxBPCylVXGp0zu59Fz5aiGtNXaq3DhIov063MorB+VfufLh3JlF2KdTK3xg==

ws@^7.4.3:
  version "7.5.5"
  resolved "https://registry.yarnpkg.com/ws/-/ws-7.5.5.tgz#8b4bc4af518cfabd0473ae4f99144287b33eb881"
  integrity sha512-BAkMFcAzl8as1G/hArkxOxq3G7pjUqQ3gzYbLL0/5zNkph70e+lCoxBGnm6AW1+/aiNeV4fnKqZ8m4GZewmH2w==

yn@3.1.1:
  version "3.1.1"
  resolved "https://registry.yarnpkg.com/yn/-/yn-3.1.1.tgz#1e87401a09d767c1d5eab26a6e4c185182d2eb50"
  integrity sha512-Ux4ygGWsu2c7isFWe8Yu1YluJmqVhxqK2cLXNQA5AcC3QfbGNpM7fu0Y8b/z16pXLnFxZYvWhd3fhBY9DLmC6Q==
